{
  "version": 1,
  "dependencies": {
    ".NETFramework,Version=v4.8": {
      "AsyncFixer": {
        "type": "Direct",
        "requested": "[1.6.0, )",
        "resolved": "1.6.0",
        "contentHash": "/Xfs9H3UMfEv64cwT+C/JrTRp4w08BmPuFbj0ageadCHpx6rxYJxAU2C6sEqRFG22xmGk5cX9ewzoiiehWVHOw=="
      },
      "ErrorProne.NET.CoreAnalyzers": {
        "type": "Direct",
        "requested": "[0.1.2, )",
        "resolved": "0.1.2",
        "contentHash": "RQdzUtFVhwLwisP2Du7Ugm7ldwAzc+QJrlZWNIwHXcgq4b5fLwZgdN1203RdYiHS8OOALophC6yWekxu3UgN2g=="
      },
      "ErrorProne.NET.Structs": {
        "type": "Direct",
        "requested": "[0.1.2, )",
        "resolved": "0.1.2",
        "contentHash": "2AuzqxkREpl8kBt249CeR1sM70ZxBwm6nMcqi8tikisn5jD9jQW2ZNv8Q7PwHzxQYwTSmeRuua8vbPfClqXCzA=="
      },
      "Meziantou.Analyzer": {
        "type": "Direct",
        "requested": "[1.0.703, )",
        "resolved": "1.0.703",
        "contentHash": "gyr/mfBu5iBZCnSMpXg632vLdx13Z3FvrDaK+tQYqVvEiPYmcW5ztXVM8K/k9trBKyd0uElnNIWg7bW/qmqk6A=="
      },
      "Microsoft.VisualStudio.Threading.Analyzers": {
        "type": "Direct",
        "requested": "[17.2.32, )",
        "resolved": "17.2.32",
        "contentHash": "izJIEScEIBe8m96gMkox9vZE6r/Unk6giifbfRroqYJR3yESJqTkaQ707pE+jkJMqxHNT/lqBensuex90vPfPw=="
      },
      "Microsoft.VSSDK.BuildTools": {
        "type": "Direct",
        "requested": "[17.3.2083, )",
        "resolved": "17.3.2083",
        "contentHash": "Wen7MbomWxCtGxlLxQuxzS/0PUSFJGT7p5MRyT0JzGfQdNnUy7yw158fF18EaqeqoZxDE4ftIZo1xaervAD4xw==",
        "dependencies": {
          "Microsoft.VSSDK.CompatibilityAnalyzer": "17.3.2083",
          "Microsoft.VisualStudio.SDK.Analyzers": "16.10.10"
        }
      },
      "Nerdbank.GitVersioning": {
        "type": "Direct",
        "requested": "[3.5.107, )",
        "resolved": "3.5.107",
        "contentHash": "oMWWTe9aTUJ1CwU4fpfpduqx7Hzve320PU2SUyFFDzlHXTdjEouWHtFrRbaXV4LysL0lBtlzJM/nmHm47p2KWw=="
      },
      "Roslynator.Analyzers": {
        "type": "Direct",
        "requested": "[4.1.1, )",
        "resolved": "4.1.1",
        "contentHash": "3cPVlrB1PytlO1ztZZBOExDKQWpMZgI15ZDa0BqLu0l6xv+xIRfEpqjNRcpvUy3aLxWTkPgSKZbbaO+VoFEJ1g=="
      },
      "Roslynator.CodeAnalysis.Analyzers": {
        "type": "Direct",
        "requested": "[4.1.1, )",
        "resolved": "4.1.1",
        "contentHash": "Xz897MdF4lg9pU/2dwpEXwEZnlgOw7/S4BeVQKVDGdsOLFQqzIb9aXQHcMr0umKNQ6DZTMFZbxGFGq8OBSEwTw=="
      },
      "Roslynator.Formatting.Analyzers": {
        "type": "Direct",
        "requested": "[4.1.1, )",
        "resolved": "4.1.1",
        "contentHash": "oa7CDqLQ36WqofShBHFyCTufE0BxoRwt5qjxsHUq0jj1uFIgdMidz5wewb7gPq8xZhWCaUO9It5CJo3njcDNkw=="
      },
      "StyleCop.Analyzers": {
        "type": "Direct",
        "requested": "[1.2.0-beta.435, )",
        "resolved": "1.2.0-beta.435",
        "contentHash": "TADk7vdGXtfTnYCV7GyleaaRTQjfoSfZXprQrVMm7cSJtJbFc1QIbWPyLvrgrfGdfHbGmUPvaN4ODKNxg2jgPQ==",
        "dependencies": {
          "StyleCop.Analyzers.Unstable": "1.2.0.435"
        }
      },
      "Humanizer.Core": {
        "type": "Transitive",
        "resolved": "2.2.0",
        "contentHash": "rsYXB7+iUPP8AHgQ8JP2UZI2xK2KhjcdGr9E6zX3CsZaTLCaw8M35vaAJRo1rfxeaZEVMuXeaquLVCkZ7JcZ5Q=="
      },
      "Microsoft.Bcl.AsyncInterfaces": {
        "type": "Transitive",
        "resolved": "5.0.0",
        "contentHash": "W8DPQjkMScOMTtJbPwmPyj9c3zYSFGawDW3jwlBOOsnY+EzZFLgNQ/UMkK35JmkNOVPdCyPr2Tw7Vv9N+KA3ZQ==",
        "dependencies": {
          "System.Threading.Tasks.Extensions": "4.5.4"
        }
      },
      "Microsoft.CodeAnalysis.Analyzers": {
        "type": "Transitive",
        "resolved": "3.3.3",
        "contentHash": "j/rOZtLMVJjrfLRlAMckJLPW/1rze9MT1yfWqSIbUPGRu1m1P0fuo9PmqapwsmePfGB5PJrudQLvmUOAMF0DqQ=="
      },
      "Microsoft.CodeAnalysis.BannedApiAnalyzers": {
        "type": "Transitive",
        "resolved": "3.3.2",
        "contentHash": "LlcsDRSYfkJFWOdDpysY/4Ph4llHc8DLOc3roFTz9+216vl+vwVGfbys2rcSmhZCTDv/0kxSs2oOdd9SX2NiVg=="
      },
      "Microsoft.CodeAnalysis.Common": {
        "type": "Transitive",
        "resolved": "3.9.0",
        "contentHash": "HiWjF7PNIEngmFg2Xk8cZ/83lRIRkk9v+5ibbY5B7VvjNGdClGAMuWtZER9F5rGRR41VbJLco9ah73jFTh4vPw==",
        "dependencies": {
          "Microsoft.CodeAnalysis.Analyzers": "3.0.0",
          "System.Collections.Immutable": "5.0.0",
          "System.Memory": "4.5.4",
          "System.Reflection.Metadata": "5.0.0",
          "System.Runtime.CompilerServices.Unsafe": "5.0.0",
          "System.Text.Encoding.CodePages": "4.5.1",
          "System.Threading.Tasks.Extensions": "4.5.4"
        }
      },
      "Microsoft.CodeAnalysis.CSharp": {
        "type": "Transitive",
        "resolved": "3.9.0",
        "contentHash": "NTsiK3fnoZGemy4dBHrILwg9rL+jDnOJ7aixFu4EOWM1r6MZMrNCIhT2tO4AmIMdfICLPwj910uZRRLpbMnqHg==",
        "dependencies": {
          "Microsoft.CodeAnalysis.Common": "[3.9.0]"
        }
      },
      "Microsoft.CodeAnalysis.CSharp.Workspaces": {
        "type": "Transitive",
        "resolved": "3.9.0",
        "contentHash": "GeDDyxAN+yJmjF7+i4SMuvXL54uuug9fQ9ACzlCDQv1t+OXPdArGyxC1pTOAERZ9ylPRFduZdG3Kkn0a73ksSA==",
        "dependencies": {
          "Humanizer.Core": "2.2.0",
          "Microsoft.CodeAnalysis.CSharp": "[3.9.0]",
          "Microsoft.CodeAnalysis.Common": "[3.9.0]",
          "Microsoft.CodeAnalysis.Workspaces.Common": "[3.9.0]"
        }
      },
      "Microsoft.CodeAnalysis.Workspaces.Common": {
        "type": "Transitive",
        "resolved": "3.9.0",
        "contentHash": "y3MEAsMOmPSIPc8aPJD1lzerABl50vE3nrMv8AVn6WFeDMC0htgWdmcrvySIbVgfep9SjdDoEfv11BCXthVLhw==",
        "dependencies": {
          "Humanizer.Core": "2.2.0",
          "Microsoft.Bcl.AsyncInterfaces": "5.0.0",
          "Microsoft.CodeAnalysis.Common": "[3.9.0]",
          "System.Composition": "1.0.31",
          "System.IO.Pipelines": "5.0.0"
        }
      },
      "Microsoft.VisualStudio.SDK.Analyzers": {
        "type": "Transitive",
        "resolved": "16.10.10",
        "contentHash": "LuhBHy7MJJ5SjpS7J2GuHqPyL1VeqXUwYc+mTagaUCzXbNwJmLcSUAioCyQyAzPIn6qtnzuM5Lz6ULOQS3ifUA==",
        "dependencies": {
          "Microsoft.CodeAnalysis.BannedApiAnalyzers": "3.3.2",
          "Microsoft.VisualStudio.Threading.Analyzers": "16.10.56"
        }
      },
      "Microsoft.VSSDK.CompatibilityAnalyzer": {
        "type": "Transitive",
        "resolved": "17.3.2083",
        "contentHash": "NmQY70IilyiZNrj1oSxqziMuq7g1or0noFOrsEvLHQgOrGTiz6TuQd75muB0X1w+E+AA+HKF/ki6FX2p9M+Jzw=="
      },
      "StyleCop.Analyzers.Unstable": {
        "type": "Transitive",
        "resolved": "1.2.0.435",
        "contentHash": "ouwPWZxbOV3SmCZxIRqHvljkSzkCyi1tDoMzQtDb/bRP8ctASV/iRJr+A2Gdj0QLaLmWnqTWDrH82/iP+X80Lg=="
      },
      "System.Buffers": {
        "type": "Transitive",
        "resolved": "4.5.1",
        "contentHash": "Rw7ijyl1qqRS0YQD/WycNst8hUUMgrMH4FCn1nNm27M4VxchZ1js3fVjQaANHO5f3sN4isvP4a+Met9Y4YomAg=="
      },
      "System.Collections.Immutable": {
        "type": "Transitive",
        "resolved": "5.0.0",
        "contentHash": "FXkLXiK0sVVewcso0imKQoOxjoPAj42R8HtjjbSjVPAzwDfzoyoznWxgA3c38LDbN9SJux1xXoXYAhz98j7r2g==",
        "dependencies": {
          "System.Memory": "4.5.4"
        }
      },
      "System.Composition": {
        "type": "Transitive",
        "resolved": "1.0.31",
        "contentHash": "I+D26qpYdoklyAVUdqwUBrEIckMNjAYnuPJy/h9dsQItpQwVREkDFs4b4tkBza0kT2Yk48Lcfsv2QQ9hWsh9Iw==",
        "dependencies": {
          "System.Composition.AttributedModel": "1.0.31",
          "System.Composition.Convention": "1.0.31",
          "System.Composition.Hosting": "1.0.31",
          "System.Composition.Runtime": "1.0.31",
          "System.Composition.TypedParts": "1.0.31"
        }
      },
      "System.Composition.AttributedModel": {
        "type": "Transitive",
        "resolved": "1.0.31",
        "contentHash": "NHWhkM3ZkspmA0XJEsKdtTt1ViDYuojgSND3yHhTzwxepiwqZf+BCWuvCbjUt4fe0NxxQhUDGJ5km6sLjo9qnQ=="
      },
      "System.Composition.Convention": {
        "type": "Transitive",
        "resolved": "1.0.31",
        "contentHash": "GLjh2Ju71k6C0qxMMtl4efHa68NmWeIUYh4fkUI8xbjQrEBvFmRwMDFcylT8/PR9SQbeeL48IkFxU/+gd0nYEQ==",
        "dependencies": {
          "System.Composition.AttributedModel": "1.0.31"
        }
      },
      "System.Composition.Hosting": {
        "type": "Transitive",
        "resolved": "1.0.31",
        "contentHash": "fN1bT4RX4vUqjbgoyuJFVUizAl2mYF5VAb+bVIxIYZSSc0BdnX+yGAxcavxJuDDCQ1K+/mdpgyEFc8e9ikjvrg==",
        "dependencies": {
          "System.Composition.Runtime": "1.0.31"
        }
      },
      "System.Composition.Runtime": {
        "type": "Transitive",
        "resolved": "1.0.31",
        "contentHash": "0LEJN+2NVM89CE4SekDrrk5tHV5LeATltkp+9WNYrR+Huiyt0vaCqHbbHtVAjPyeLWIc8dOz/3kthRBj32wGQg=="
      },
      "System.Composition.TypedParts": {
        "type": "Transitive",
        "resolved": "1.0.31",
        "contentHash": "0Zae/FtzeFgDBBuILeIbC/T9HMYbW4olAmi8XqqAGosSOWvXfiQLfARZEhiGd0LVXaYgXr0NhxiU1LldRP1fpQ==",
        "dependencies": {
          "System.Composition.AttributedModel": "1.0.31",
          "System.Composition.Hosting": "1.0.31",
          "System.Composition.Runtime": "1.0.31"
        }
      },
      "System.IO.Pipelines": {
        "type": "Transitive",
        "resolved": "5.0.0",
        "contentHash": "irMYm3vhVgRsYvHTU5b2gsT2CwT/SMM6LZFzuJjpIvT5Z4CshxNsaoBC1X/LltwuR3Opp8d6jOS/60WwOb7Q2Q==",
        "dependencies": {
          "System.Buffers": "4.5.1",
          "System.Memory": "4.5.4",
          "System.Threading.Tasks.Extensions": "4.5.4"
        }
      },
      "System.Memory": {
        "type": "Transitive",
        "resolved": "4.5.4",
        "contentHash": "1MbJTHS1lZ4bS4FmsJjnuGJOu88ZzTT2rLvrhW7Ygic+pC0NWA+3hgAen0HRdsocuQXCkUTdFn9yHJJhsijDXw==",
        "dependencies": {
          "System.Buffers": "4.5.1",
          "System.Numerics.Vectors": "4.5.0",
          "System.Runtime.CompilerServices.Unsafe": "4.5.3"
        }
      },
      "System.Numerics.Vectors": {
        "type": "Transitive",
        "resolved": "4.5.0",
        "contentHash": "QQTlPTl06J/iiDbJCiepZ4H//BVraReU4O4EoRw1U02H5TLUIT7xn3GnDp9AXPSlJUDyFs4uWjWafNX6WrAojQ=="
      },
      "System.Reflection.Metadata": {
        "type": "Transitive",
        "resolved": "5.0.0",
        "contentHash": "5NecZgXktdGg34rh1OenY1rFNDCI8xSjFr+Z4OU4cU06AQHUdRnIIEeWENu3Wl4YowbzkymAIMvi3WyK9U53pQ==",
        "dependencies": {
          "System.Collections.Immutable": "5.0.0"
        }
      },
      "System.Runtime.CompilerServices.Unsafe": {
        "type": "Transitive",
        "resolved": "5.0.0",
        "contentHash": "ZD9TMpsmYJLrxbbmdvhwt9YEgG5WntEnZ/d1eH8JBX9LBp+Ju8BSBhUGbZMNVHHomWo2KVImJhTDl2hIgw/6MA=="
      },
      "System.Text.Encoding.CodePages": {
        "type": "Transitive",
        "resolved": "4.5.1",
        "contentHash": "4J2JQXbftjPMppIHJ7IC+VXQ9XfEagN92vZZNoG12i+zReYlim5dMoXFC1Zzg7tsnKDM7JPo5bYfFK4Jheq44w==",
        "dependencies": {
          "System.Runtime.CompilerServices.Unsafe": "4.5.2"
        }
      },
      "System.Threading.Tasks.Extensions": {
        "type": "Transitive",
        "resolved": "4.5.4",
        "contentHash": "zteT+G8xuGu6mS+mzDzYXbzS7rd3K6Fjb9RiZlYlJPam2/hU7JCBZBVEcywNuR+oZ1ncTvc/cq0faRr3P01OVg==",
        "dependencies": {
          "System.Runtime.CompilerServices.Unsafe": "4.5.3"
        }
      },
      "vinyl.analyzers": {
        "type": "Project",
        "dependencies": {
          "Microsoft.CodeAnalysis.Analyzers": "3.3.3",
          "Vinyl.Core": "1.0.0"
        }
      },
      "vinyl.codefixes": {
        "type": "Project",
        "dependencies": {
          "Microsoft.CodeAnalysis.CSharp.Workspaces": "3.9.0",
          "Vinyl.Analyzers": "1.0.0"
        }
      },
      "vinyl.core": {
        "type": "Project",
        "dependencies": {
          "Microsoft.CodeAnalysis.CSharp": "3.9.0"
        }
      },
      "vinyl.refactorings": {
        "type": "Project",
        "dependencies": {
          "Microsoft.CodeAnalysis.CSharp.Workspaces": "3.9.0",
          "Vinyl.Core": "1.0.0"
        }
      }
    }
  }
}